// !$*UTF8*$!
{
	archiveVersion = 1;
	classes = {
	};
	objectVersion = 48;
	objects = {

/* Begin PBXBuildFile section */
		F09096682172717400301EF4 /* AppDelegate.swift in Sources */ = {isa = PBXBuildFile; fileRef = F09096672172717400301EF4 /* AppDelegate.swift */; };
		F090966A2172717400301EF4 /* ViewController.swift in Sources */ = {isa = PBXBuildFile; fileRef = F09096692172717400301EF4 /* ViewController.swift */; };
		F090966D2172717400301EF4 /* Main.storyboard in Resources */ = {isa = PBXBuildFile; fileRef = F090966B2172717400301EF4 /* Main.storyboard */; };
		F09096702172717400301EF4 /* sustainabilityProject.xcdatamodeld in Sources */ = {isa = PBXBuildFile; fileRef = F090966E2172717400301EF4 /* sustainabilityProject.xcdatamodeld */; };
		F09096722172717400301EF4 /* Assets.xcassets in Resources */ = {isa = PBXBuildFile; fileRef = F09096712172717400301EF4 /* Assets.xcassets */; };
		F09096752172717400301EF4 /* LaunchScreen.storyboard in Resources */ = {isa = PBXBuildFile; fileRef = F09096732172717400301EF4 /* LaunchScreen.storyboard */; };
/* End PBXBuildFile section */

/* Begin PBXFileReference section */
		F09096642172717400301EF4 /* sustainabilityProject.app */ = {isa = PBXFileReference; explicitFileType = wrapper.application; includeInIndex = 0; path = sustainabilityProject.app; sourceTree = BUILT_PRODUCTS_DIR; };
		F09096672172717400301EF4 /* AppDelegate.swift */ = {isa = PBXFileReference; lastKnownFileType = sourcecode.swift; path = AppDelegate.swift; sourceTree = "<group>"; };
		F09096692172717400301EF4 /* ViewController.swift */ = {isa = PBXFileReference; lastKnownFileType = sourcecode.swift; path = ViewController.swift; sourceTree = "<group>"; };
		F090966C2172717400301EF4 /* Base */ = {isa = PBXFileReference; lastKnownFileType = file.storyboard; name = Base; path = Base.lproj/Main.storyboard; sourceTree = "<group>"; };
		F090966F2172717400301EF4 /* sustainabilityProject.xcdatamodel */ = {isa = PBXFileReference; lastKnownFileType = wrapper.xcdatamodel; path = sustainabilityProject.xcdatamodel; sourceTree = "<group>"; };
		F09096712172717400301EF4 /* Assets.xcassets */ = {isa = PBXFileReference; lastKnownFileType = folder.assetcatalog; path = Assets.xcassets; sourceTree = "<group>"; };
		F09096742172717400301EF4 /* Base */ = {isa = PBXFileReference; lastKnownFileType = file.storyboard; name = Base; path = Base.lproj/LaunchScreen.storyboard; sourceTree = "<group>"; };
		F09096762172717400301EF4 /* Info.plist */ = {isa = PBXFileReference; lastKnownFileType = text.plist.xml; path = Info.plist; sourceTree = "<group>"; };
/* End PBXFileReference section */

/* Begin PBXFrameworksBuildPhase section */
		F09096612172717400301EF4 /* Frameworks */ = {
			isa = PBXFrameworksBuildPhase;
			buildActionMask = 2147483647;
			files = (
			);
			runOnlyForDeploymentPostprocessing = 0;
		};
/* End PBXFrameworksBuildPhase section */

/* Begin PBXGroup section */
		F090965B2172717400301EF4 = {
			isa = PBXGroup;
			children = (
				F09096662172717400301EF4 /* sustainabilityProject */,
				F09096652172717400301EF4 /* Products */,
			);
			sourceTree = "<group>";
		};
		F09096652172717400301EF4 /* Products */ = {
			isa = PBXGroup;
			children = (
				F09096642172717400301EF4 /* sustainabilityProject.app */,
			);
			name = Products;
			sourceTree = "<group>";
		};
		F09096662172717400301EF4 /* sustainabilityProject */ = {
			isa = PBXGroup;
			children = (
				F09096672172717400301EF4 /* AppDelegate.swift */,
				F09096692172717400301EF4 /* ViewController.swift */,
				F090966B2172717400301EF4 /* Main.storyboard */,
				F09096712172717400301EF4 /* Assets.xcassets */,
				F09096732172717400301EF4 /* LaunchScreen.storyboard */,
				F09096762172717400301EF4 /* Info.plist */,
				F090966E2172717400301EF4 /* sustainabilityProject.xcdatamodeld */,
			);
			path = sustainabilityProject;
			sourceTree = "<group>";
		};
/* End PBXGroup section */

/* Begin PBXNativeTarget section */
		F09096632172717400301EF4 /* sustainabilityProject */ = {
			isa = PBXNativeTarget;
			buildConfigurationList = F09096792172717400301EF4 /* Build configuration list for PBXNativeTarget "sustainabilityProject" */;
			buildPhases = (
				F09096602172717400301EF4 /* Sources */,
				F09096612172717400301EF4 /* Frameworks */,
				F09096622172717400301EF4 /* Resources */,
			);
			buildRules = (
			);
			dependencies = (
			);
			name = sustainabilityProject;
			productName = sustainabilityProject;
			productReference = F09096642172717400301EF4 /* sustainabilityProject.app */;
			productType = "com.apple.product-type.application";
		};
/* End PBXNativeTarget section */

/* Begin PBXProject section */
		F090965C2172717400301EF4 /* Project object */ = {
			isa = PBXProject;
			attributes = {
				LastSwiftUpdateCheck = 0920;
				LastUpgradeCheck = 0920;
				ORGANIZATIONNAME = "Diana Lim";
				TargetAttributes = {
					F09096632172717400301EF4 = {
						CreatedOnToolsVersion = 9.2;
						ProvisioningStyle = Automatic;
					};
				};
			};
			buildConfigurationList = F090965F2172717400301EF4 /* Build configuration list for PBXProject "sustainabilityProject" */;
			compatibilityVersion = "Xcode 8.0";
			developmentRegion = en;
			hasScannedForEncodings = 0;
			knownRegions = (
				en,
				Base,
			);
			mainGroup = F090965B2172717400301EF4;
			productRefGroup = F09096652172717400301EF4 /* Products */;
			projectDirPath = "";
			projectRoot = "";
			targets = (
				F09096632172717400301EF4 /* sustainabilityProject */,
			);
		};
/* End PBXProject section */

/* Begin PBXResourcesBuildPhase section */
		F09096622172717400301EF4 /* Resources */ = {
			isa = PBXResourcesBuildPhase;
			buildActionMask = 2147483647;
			files = (
				F09096752172717400301EF4 /* LaunchScreen.storyboard in Resources */,
				F09096722172717400301EF4 /* Assets.xcassets in Resources */,
				F090966D2172717400301EF4 /* Main.storyboard in Resources */,
			);
			runOnlyForDeploymentPostprocessing = 0;
		};
/* End PBXResourcesBuildPhase section */

/* Begin PBXSourcesBuildPhase section */
		F09096602172717400301EF4 /* Sources */ = {
			isa = PBXSourcesBuildPhase;
			buildActionMask = 2147483647;
			files = (
				F090966A2172717400301EF4 /* ViewController.swift in Sources */,
				F09096702172717400301EF4 /* sustainabilityProject.xcdatamodeld in Sources */,
				F09096682172717400301EF4 /* AppDelegate.swift in Sources */,
			);
			runOnlyForDeploymentPostprocessing = 0;
		};
/* End PBXSourcesBuildPhase section */

/* Begin PBXVariantGroup section */
		F090966B2172717400301EF4 /* Main.storyboard */ = {
			isa = PBXVariantGroup;
			children = (
				F090966C2172717400301EF4 /* Base */,
			);
			name = Main.storyboard;
			sourceTree = "<group>";
		};
		F09096732172717400301EF4 /* LaunchScreen.storyboard */ = {
			isa = PBXVariantGroup;
			children = (
				F09096742172717400301EF4 /* Base */,
			);
			name = LaunchScreen.storyboard;
			sourceTree = "<group>";
		};
/* End PBXVariantGroup section */

/* Begin XCBuildConfiguration section */
		F09096772172717400301EF4 /* Debug */ = {
			isa = XCBuildConfiguration;
			buildSettings = {
				ALWAYS_SEARCH_USER_PATHS = NO;
				CLANG_ANALYZER_NONNULL = YES;
				CLANG_ANALYZER_NUMBER_OBJECT_CONVERSION = YES_AGGRESSIVE;
				CLANG_CXX_LANGUAGE_STANDARD = "gnu++14";
				CLANG_CXX_LIBRARY = "libc++";
				CLANG_ENABLE_MODULES = YES;
				CLANG_ENABLE_OBJC_ARC = YES;
				CLANG_WARN_BLOCK_CAPTURE_AUTORELEASING = YES;
				CLANG_WARN_BOOL_CONVERSION = YES;
				CLANG_WARN_COMMA = YES;
				CLANG_WARN_CONSTANT_CONVERSION = YES;
				CLANG_WARN_DIRECT_OBJC_ISA_USAGE = YES_ERROR;
				CLANG_WARN_DOCUMENTATION_COMMENTS = YES;
				CLANG_WARN_EMPTY_BODY = YES;
				CLANG_WARN_ENUM_CONVERSION = YES;
				CLANG_WARN_INFINITE_RECURSION = YES;
				CLANG_WARN_INT_CONVERSION = YES;
				CLANG_WARN_NON_LITERAL_NULL_CONVERSION = YES;
				CLANG_WARN_OBJC_LITERAL_CONVERSION = YES;
				CLANG_WARN_OBJC_ROOT_CLASS = YES_ERROR;
				CLANG_WARN_RANGE_LOOP_ANALYSIS = YES;
				CLANG_WARN_STRICT_PROTOTYPES = YES;
				CLANG_WARN_SUSPICIOUS_MOVE = YES;
				CLANG_WARN_UNGUARDED_AVAILABILITY = YES_AGGRESSIVE;
				CLANG_WARN_UNREACHABLE_CODE = YES;
				CLANG_WARN__DUPLICATE_METHOD_MATCH = YES;
				CODE_SIGN_IDENTITY = "iPhone Developer";
				COPY_PHASE_STRIP = NO;
				DEBUG_INFORMATION_FORMAT = dwarf;
				ENABLE_STRICT_OBJC_MSGSEND = YES;
				ENABLE_TESTABILITY = YES;
				GCC_C_LANGUAGE_STANDARD = gnu11;
				GCC_DYNAMIC_NO_PIC = NO;
				GCC_NO_COMMON_BLOCKS = YES;
				GCC_OPTIMIZATION_LEVEL = 0;
				GCC_PREPROCESSOR_DEFINITIONS = (
					"DEBUG=1",
					"$(inherited)",
				);
				GCC_WARN_64_TO_32_BIT_CONVERSION = YES;
				GCC_WARN_ABOUT_RETURN_TYPE = YES_ERROR;
				GCC_WARN_UNDECLARED_SELECTOR = YES;
				GCC_WARN_UNINITIALIZED_AUTOS = YES_AGGRESSIVE;
				GCC_WARN_UNUSED_FUNCTION = YES;
				GCC_WARN_UNUSED_VARIABLE = YES;
				IPHONEOS_DEPLOYMENT_TARGET = 11.2;
				MTL_ENABLE_DEBUG_INFO = YES;
				ONLY_ACTIVE_ARCH = YES;
				SDKROOT = iphoneos;
				SWIFT_ACTIVE_COMPILATION_CONDITIONS = DEBUG;
				SWIFT_OPTIMIZATION_LEVEL = "-Onone";
			};
			name = Debug;
		};
		F09096782172717400301EF4 /* Release */ = {
			isa = XCBuildConfiguration;
			buildSettings = {
				ALWAYS_SEARCH_USER_PATHS = NO;
				CLANG_ANALYZER_NONNULL = YES;
				CLANG_ANALYZER_NUMBER_OBJECT_CONVERSION = YES_AGGRESSIVE;
				CLANG_CXX_LANGUAGE_STANDARD = "gnu++14";
				CLANG_CXX_LIBRARY = "libc++";
				CLANG_ENABLE_MODULES = YES;
				CLANG_ENABLE_OBJC_ARC = YES;
				CLANG_WARN_BLOCK_CAPTURE_AUTORELEASING = YES;
				CLANG_WARN_BOOL_CONVERSION = YES;
				CLANG_WARN_COMMA = YES;
				CLANG_WARN_CONSTANT_CONVERSION = YES;
				CLANG_WARN_DIRECT_OBJC_ISA_USAGE = YES_ERROR;
				CLANG_WARN_DOCUMENTATION_COMMENTS = YES;
				CLANG_WARN_EMPTY_BODY = YES;
				CLANG_WARN_ENUM_CONVERSION = YES;
				CLANG_WARN_INFINITE_RECURSION = YES;
				CLANG_WARN_INT_CONVERSION = YES;
				CLANG_WARN_NON_LITERAL_NULL_CONVERSION = YES;
				CLANG_WARN_OBJC_LITERAL_CONVERSION = YES;
				CLANG_WARN_OBJC_ROOT_CLASS = YES_ERROR;
				CLANG_WARN_RANGE_LOOP_ANALYSIS = YES;
				CLANG_WARN_STRICT_PROTOTYPES = YES;
				CLANG_WARN_SUSPICIOUS_MOVE = YES;
				CLANG_WARN_UNGUARDED_AVAILABILITY = YES_AGGRESSIVE;
				CLANG_WARN_UNREACHABLE_CODE = YES;
				CLANG_WARN__DUPLICATE_METHOD_MATCH = YES;
				CODE_SIGN_IDENTITY = "iPhone Developer";
				COPY_PHASE_STRIP = NO;
				DEBUG_INFORMATION_FORMAT = "dwarf-with-dsym";
				ENABLE_NS_ASSERTIONS = NO;
				ENABLE_STRICT_OBJC_MSGSEND = YES;
				GCC_C_LANGUAGE_STANDARD = gnu11;
				GCC_NO_COMMON_BLOCKS = YES;
				GCC_WARN_64_TO_32_BIT_CONVERSION = YES;
				GCC_WARN_ABOUT_RETURN_TYPE = YES_ERROR;
				GCC_WARN_UNDECLARED_SELECTOR = YES;
				GCC_WARN_UNINITIALIZED_AUTOS = YES_AGGRESSIVE;
				GCC_WARN_UNUSED_FUNCTION = YES;
				GCC_WARN_UNUSED_VARIABLE = YES;
				IPHONEOS_DEPLOYMENT_TARGET = 11.2;
				MTL_ENABLE_DEBUG_INFO = NO;
				SDKROOT = iphoneos;
				SWIFT_OPTIMIZATION_LEVEL = "-Owholemodule";
				VALIDATE_PRODUCT = YES;
			};
			name = Release;
		};
		F090967A2172717400301EF4 /* Debug */ = {
			isa = XCBuildConfiguration;
			buildSettings = {
				ASSETCATALOG_COMPILER_APPICON_NAME = AppIcon;
				CODE_SIGN_STYLE = Automatic;
				INFOPLIST_FILE = sustainabilityProject/Info.plist;
				LD_RUNPATH_SEARCH_PATHS = "$(inherited) @executable_path/Frameworks";
				PRODUCT_BUNDLE_IDENTIFIER = com.dianalimnos.sustainabilityProject;
				PRODUCT_NAME = "$(TARGET_NAME)";
				SWIFT_VERSION = 4.0;
				TARGETED_DEVICE_FAMILY = "1,2";
			};
			name = Debug;
		};
		F090967B2172717400301EF4 /* Release */ = {
			isa = XCBuildConfiguration;
			buildSettings = {
				ASSETCATALOG_COMPILER_APPICON_NAME = AppIcon;
				CODE_SIGN_STYLE = Automatic;
				INFOPLIST_FILE = sustainabilityProject/Info.plist;
				LD_RUNPATH_SEARCH_PATHS = "$(inherited) @executable_path/Frameworks";
				PRODUCT_BUNDLE_IDENTIFIER = com.dianalimnos.sustainabilityProject;
				PRODUCT_NAME = "$(TARGET_NAME)";
				SWIFT_VERSION = 4.0;
				TARGETED_DEVICE_FAMILY = "1,2";
			};
			name = Release;
		};
/* End XCBuildConfiguration section */

/* Begin XCConfigurationList section */
		F090965F2172717400301EF4 /* Build configuration list for PBXProject "sustainabilityProject" */ = {
			isa = XCConfigurationList;
			buildConfigurations = (
				F09096772172717400301EF4 /* Debug */,
				F09096782172717400301EF4 /* Release */,
			);
			defaultConfigurationIsVisible = 0;
			defaultConfigurationName = Release;
		};
		F09096792172717400301EF4 /* Build configuration list for PBXNativeTarget "sustainabilityProject" */ = {
			isa = XCConfigurationList;
			buildConfigurations = (
				F090967A2172717400301EF4 /* Debug */,
				F090967B2172717400301EF4 /* Release */,
			);
			defaultConfigurationIsVisible = 0;
			defaultConfigurationName = Release;
		};
/* End XCConfigurationList section */

/* Begin XCVersionGroup section */
		F090966E2172717400301EF4 /* sustainabilityProject.xcdatamodeld */ = {
			isa = XCVersionGroup;
			children = (
				F090966F2172717400301EF4 /* sustainabilityProject.xcdatamodel */,
			);
			currentVersion = F090966F2172717400301EF4 /* sustainabilityProject.xcdatamodel */;
			path = sustainabilityProject.xcdatamodeld;
			sourceTree = "<group>";
			versionGroupType = wrapper.xcdatamodel;
		};
/* End XCVersionGroup section */
	};
	rootObject = F090965C2172717400301EF4 /* Project object */;
}
